
Microsoft Visual Studio Solution File, Format Version 12.00
# Visual Studio Version 17
VisualStudioVersion = 17.2.32602.215
MinimumVisualStudioVersion = 10.0.40219.1
Project("{FAE04EC0-301F-11D3-BF4B-00C04F79EFBC}") = "CaveCalibrator", "CaveCalibrator\CaveCalibrator.csproj", "{83BCD72A-E3BD-422C-B261-4531AB3B395E}"
EndProject
Global
	GlobalSection(SolutionConfigurationPlatforms) = preSolution
		Debug|Any CPU = Debug|Any CPU
		Release|Any CPU = Release|Any CPU
	EndGlobalSection
	GlobalSection(ProjectConfigurationPlatforms) = postSolution
		{83BCD72A-E3BD-422C-B261-4531AB3B395E}.Debug|Any CPU.ActiveCfg = Debug|Any CPU
		{83BCD72A-E3BD-422C-B261-4531AB3B395E}.Debug|Any CPU.Build.0 = Debug|Any CPU
		{83BCD72A-E3BD-422C-B261-4531AB3B395E}.Release|Any CPU.ActiveCfg = Release|Any CPU
		{83BCD72A-E3BD-422C-B261-4531AB3B395E}.Release|Any CPU.Build.0 = Release|Any CPU
	EndGlobalSection
	GlobalSection(SolutionProperties) = preSolution
		HideSolutionNode = FALSE
	EndGlobalSection
	GlobalSection(ExtensibilityGlobals) = postSolution
		SolutionGuid = {B81FB14D-9D2E-4CE7-9800-097DB5166D3F}
	EndGlobalSection
EndGlobal
